
Microsoft Visual Studio Solution File, Format Version 12.00
# Visual Studio Version 17
VisualStudioVersion = 17.0.31903.59
MinimumVisualStudioVersion = 10.0.40219.1
Project("{2150E333-8FDC-42A3-9474-1A3956D46DE8}") = "src", "src", "{4DA6430E-C8C1-45C7-9E86-61DFB0692314}"
EndProject
Project("{FAE04EC0-301F-11D3-BF4B-00C04F79EFBC}") = "Devantler.AgeCLI", "src\Devantler.AgeCLI\Devantler.AgeCLI.csproj", "{71B9F53C-5181-4AC9-AF64-54F56B111075}"
EndProject
Project("{2150E333-8FDC-42A3-9474-1A3956D46DE8}") = "tests", "tests", "{C68315E4-8EA2-4295-AC86-04004EE9FD50}"
EndProject
Project("{FAE04EC0-301F-11D3-BF4B-00C04F79EFBC}") = "Devantler.AgeCLI.Tests.Unit", "tests\Devantler.AgeCLI.Tests.Unit\Devantler.AgeCLI.Tests.Unit.csproj", "{7DDF462E-B61D-4276-A545-EBA223CE6753}"
EndProject
Global
	GlobalSection(SolutionConfigurationPlatforms) = preSolution
		Debug|Any CPU = Debug|Any CPU
		Release|Any CPU = Release|Any CPU
	EndGlobalSection
	GlobalSection(SolutionProperties) = preSolution
		HideSolutionNode = FALSE
	EndGlobalSection
	GlobalSection(ProjectConfigurationPlatforms) = postSolution
		{71B9F53C-5181-4AC9-AF64-54F56B111075}.Debug|Any CPU.ActiveCfg = Debug|Any CPU
		{71B9F53C-5181-4AC9-AF64-54F56B111075}.Debug|Any CPU.Build.0 = Debug|Any CPU
		{71B9F53C-5181-4AC9-AF64-54F56B111075}.Release|Any CPU.ActiveCfg = Release|Any CPU
		{71B9F53C-5181-4AC9-AF64-54F56B111075}.Release|Any CPU.Build.0 = Release|Any CPU
		{7DDF462E-B61D-4276-A545-EBA223CE6753}.Debug|Any CPU.ActiveCfg = Debug|Any CPU
		{7DDF462E-B61D-4276-A545-EBA223CE6753}.Debug|Any CPU.Build.0 = Debug|Any CPU
		{7DDF462E-B61D-4276-A545-EBA223CE6753}.Release|Any CPU.ActiveCfg = Release|Any CPU
		{7DDF462E-B61D-4276-A545-EBA223CE6753}.Release|Any CPU.Build.0 = Release|Any CPU
	EndGlobalSection
	GlobalSection(NestedProjects) = preSolution
		{71B9F53C-5181-4AC9-AF64-54F56B111075} = {4DA6430E-C8C1-45C7-9E86-61DFB0692314}
		{7DDF462E-B61D-4276-A545-EBA223CE6753} = {C68315E4-8EA2-4295-AC86-04004EE9FD50}
	EndGlobalSection
EndGlobal
